{
  "name": "@andrewpopov/lane-broker",
  "version": "0.2.2",
  "lockfileVersion": 3,
  "requires": true,
  "packages": {
    "": {
      "name": "@andrewpopov/lane-broker",
      "version": "0.1.0",
      "license": "MIT",
      "bin": {
        "lane": "bin/lane.js"
      },
      "engines": {
        "node": ">=20"
      }
    }
  }
}
